// !$*UTF8*$!
{
	archiveVersion = 1;
	classes = {
	};
	objectVersion = 56;
	objects = {

/* Begin PBXBuildFile section */
		5810D76029A4FDE400B44E79 /* Assets.xcassets in Resources */ = {isa = PBXBuildFile; fileRef = 584AEA4D2972A76800E424A7 /* Assets.xcassets */; };
		5810D76529A67EAD00B44E79 /* UIColor+Extentions.swift in Sources */ = {isa = PBXBuildFile; fileRef = 5810D76429A67EAD00B44E79 /* UIColor+Extentions.swift */; };
		5810D76929A69DC800B44E79 /* Constants.swift in Sources */ = {isa = PBXBuildFile; fileRef = 5810D76829A69DC800B44E79 /* Constants.swift */; };
		5833AEEA29AE946E00BF5560 /* URLSession+Extension.swift in Sources */ = {isa = PBXBuildFile; fileRef = 5833AEE929AE946E00BF5560 /* URLSession+Extension.swift */; };
		5833AEEC29AE947C00BF5560 /* URLRequest+extension.swift in Sources */ = {isa = PBXBuildFile; fileRef = 5833AEEB29AE947C00BF5560 /* URLRequest+extension.swift */; };
		584AEA452972A76600E424A7 /* AppDelegate.swift in Sources */ = {isa = PBXBuildFile; fileRef = 584AEA442972A76600E424A7 /* AppDelegate.swift */; };
		584AEA472972A76600E424A7 /* SceneDelegate.swift in Sources */ = {isa = PBXBuildFile; fileRef = 584AEA462972A76600E424A7 /* SceneDelegate.swift */; };
		584AEA4C2972A76600E424A7 /* Main.storyboard in Resources */ = {isa = PBXBuildFile; fileRef = 584AEA4A2972A76600E424A7 /* Main.storyboard */; };
		584AEA512972A76800E424A7 /* LaunchScreen.storyboard in Resources */ = {isa = PBXBuildFile; fileRef = 584AEA4F2972A76800E424A7 /* LaunchScreen.storyboard */; };
		58CC2D8C29CC92E000E58095 /* ErrorAlertPresenter.swift in Sources */ = {isa = PBXBuildFile; fileRef = 58CC2D8429CC92E000E58095 /* ErrorAlertPresenter.swift */; };
		58CC2D8D29CC92E000E58095 /* OAuthTokenStorage.swift in Sources */ = {isa = PBXBuildFile; fileRef = 58CC2D8629CC92E000E58095 /* OAuthTokenStorage.swift */; };
		58CC2D8E29CC92E000E58095 /* OAuth2Service.swift in Sources */ = {isa = PBXBuildFile; fileRef = 58CC2D8729CC92E000E58095 /* OAuth2Service.swift */; };
		58CC2D8F29CC92E000E58095 /* ProfileService.swift in Sources */ = {isa = PBXBuildFile; fileRef = 58CC2D8929CC92E000E58095 /* ProfileService.swift */; };
		58CC2D9029CC92E000E58095 /* ProfileImageService.swift in Sources */ = {isa = PBXBuildFile; fileRef = 58CC2D8B29CC92E000E58095 /* ProfileImageService.swift */; };
		58CC2DA029CC92F500E58095 /* ImagesListViewController .swift in Sources */ = {isa = PBXBuildFile; fileRef = 58CC2D9229CC92F500E58095 /* ImagesListViewController .swift */; };
		58CC2DA129CC92F500E58095 /* ImagesListCell.swift in Sources */ = {isa = PBXBuildFile; fileRef = 58CC2D9329CC92F500E58095 /* ImagesListCell.swift */; };
		58CC2DA229CC92F500E58095 /* SplashViewController.swift in Sources */ = {isa = PBXBuildFile; fileRef = 58CC2D9529CC92F500E58095 /* SplashViewController.swift */; };
		58CC2DA329CC92F500E58095 /* SplashViewControllerScreen.swift in Sources */ = {isa = PBXBuildFile; fileRef = 58CC2D9629CC92F500E58095 /* SplashViewControllerScreen.swift */; };
		58CC2DA429CC92F500E58095 /* SingleImageViewController.swift in Sources */ = {isa = PBXBuildFile; fileRef = 58CC2D9829CC92F500E58095 /* SingleImageViewController.swift */; };
		58CC2DA529CC92F500E58095 /* ProfileScreenView.swift in Sources */ = {isa = PBXBuildFile; fileRef = 58CC2D9A29CC92F500E58095 /* ProfileScreenView.swift */; };
		58CC2DA629CC92F500E58095 /* ProfileViewController.swift in Sources */ = {isa = PBXBuildFile; fileRef = 58CC2D9B29CC92F500E58095 /* ProfileViewController.swift */; };
		58CC2DA729CC92F500E58095 /* TabBarViewController.swift in Sources */ = {isa = PBXBuildFile; fileRef = 58CC2D9C29CC92F500E58095 /* TabBarViewController.swift */; };
		58CC2DA829CC92F500E58095 /* AuthViewController.swift in Sources */ = {isa = PBXBuildFile; fileRef = 58CC2D9E29CC92F500E58095 /* AuthViewController.swift */; };
		58CC2DA929CC92F500E58095 /* WebViewViewController.swift in Sources */ = {isa = PBXBuildFile; fileRef = 58CC2D9F29CC92F500E58095 /* WebViewViewController.swift */; };
		58CC2DB129CC931400E58095 /* Profile.swift in Sources */ = {isa = PBXBuildFile; fileRef = 58CC2DAB29CC931400E58095 /* Profile.swift */; };
		58CC2DB229CC931400E58095 /* ProfileResult.swift in Sources */ = {isa = PBXBuildFile; fileRef = 58CC2DAC29CC931400E58095 /* ProfileResult.swift */; };
		58CC2DB329CC931400E58095 /* UserResult.swift in Sources */ = {isa = PBXBuildFile; fileRef = 58CC2DAE29CC931400E58095 /* UserResult.swift */; };
		58CC2DB429CC931400E58095 /* OAuthTokenResponseBody.swift in Sources */ = {isa = PBXBuildFile; fileRef = 58CC2DB029CC931400E58095 /* OAuthTokenResponseBody.swift */; };
		58CC2DB729CC939000E58095 /* SwiftKeychainWrapper in Frameworks */ = {isa = PBXBuildFile; productRef = 58CC2DB629CC939000E58095 /* SwiftKeychainWrapper */; };
		58CC2DBA29CC939C00E58095 /* Kingfisher in Frameworks */ = {isa = PBXBuildFile; productRef = 58CC2DB929CC939C00E58095 /* Kingfisher */; };
		58CC2DBD29CC93B100E58095 /* ProgressHUD in Frameworks */ = {isa = PBXBuildFile; productRef = 58CC2DBC29CC93B100E58095 /* ProgressHUD */; };
		58CC2DBF29CC93D800E58095 /* UIBlockingProgressHUD.swift in Sources */ = {isa = PBXBuildFile; fileRef = 58CC2DBE29CC93D800E58095 /* UIBlockingProgressHUD.swift */; };
/* End PBXBuildFile section */

/* Begin PBXFileReference section */
		5810D76429A67EAD00B44E79 /* UIColor+Extentions.swift */ = {isa = PBXFileReference; lastKnownFileType = sourcecode.swift; path = "UIColor+Extentions.swift"; sourceTree = "<group>"; };
		5810D76829A69DC800B44E79 /* Constants.swift */ = {isa = PBXFileReference; lastKnownFileType = sourcecode.swift; path = Constants.swift; sourceTree = "<group>"; };
		5833AEE929AE946E00BF5560 /* URLSession+Extension.swift */ = {isa = PBXFileReference; lastKnownFileType = sourcecode.swift; path = "URLSession+Extension.swift"; sourceTree = "<group>"; };
		5833AEEB29AE947C00BF5560 /* URLRequest+extension.swift */ = {isa = PBXFileReference; lastKnownFileType = sourcecode.swift; path = "URLRequest+extension.swift"; sourceTree = "<group>"; };
		584AEA412972A76600E424A7 /* Image Feed.app */ = {isa = PBXFileReference; explicitFileType = wrapper.application; includeInIndex = 0; path = "Image Feed.app"; sourceTree = BUILT_PRODUCTS_DIR; };
		584AEA442972A76600E424A7 /* AppDelegate.swift */ = {isa = PBXFileReference; lastKnownFileType = sourcecode.swift; path = AppDelegate.swift; sourceTree = "<group>"; };
		584AEA462972A76600E424A7 /* SceneDelegate.swift */ = {isa = PBXFileReference; lastKnownFileType = sourcecode.swift; path = SceneDelegate.swift; sourceTree = "<group>"; };
		584AEA4B2972A76600E424A7 /* Base */ = {isa = PBXFileReference; lastKnownFileType = file.storyboard; name = Base; path = Base.lproj/Main.storyboard; sourceTree = "<group>"; };
		584AEA4D2972A76800E424A7 /* Assets.xcassets */ = {isa = PBXFileReference; lastKnownFileType = folder.assetcatalog; name = Assets.xcassets; path = "Image Feed/Resources/Assets.xcassets"; sourceTree = SOURCE_ROOT; };
		584AEA502972A76800E424A7 /* Base */ = {isa = PBXFileReference; lastKnownFileType = file.storyboard; name = Base; path = Base.lproj/LaunchScreen.storyboard; sourceTree = "<group>"; };
		584AEA522972A76800E424A7 /* Info.plist */ = {isa = PBXFileReference; lastKnownFileType = text.plist.xml; path = Info.plist; sourceTree = "<group>"; };
		58CC2D8429CC92E000E58095 /* ErrorAlertPresenter.swift */ = {isa = PBXFileReference; fileEncoding = 4; lastKnownFileType = sourcecode.swift; path = ErrorAlertPresenter.swift; sourceTree = "<group>"; };
		58CC2D8629CC92E000E58095 /* OAuthTokenStorage.swift */ = {isa = PBXFileReference; fileEncoding = 4; lastKnownFileType = sourcecode.swift; path = OAuthTokenStorage.swift; sourceTree = "<group>"; };
		58CC2D8729CC92E000E58095 /* OAuth2Service.swift */ = {isa = PBXFileReference; fileEncoding = 4; lastKnownFileType = sourcecode.swift; path = OAuth2Service.swift; sourceTree = "<group>"; };
		58CC2D8929CC92E000E58095 /* ProfileService.swift */ = {isa = PBXFileReference; fileEncoding = 4; lastKnownFileType = sourcecode.swift; path = ProfileService.swift; sourceTree = "<group>"; };
		58CC2D8B29CC92E000E58095 /* ProfileImageService.swift */ = {isa = PBXFileReference; fileEncoding = 4; lastKnownFileType = sourcecode.swift; path = ProfileImageService.swift; sourceTree = "<group>"; };
		58CC2D9229CC92F500E58095 /* ImagesListViewController .swift */ = {isa = PBXFileReference; fileEncoding = 4; lastKnownFileType = sourcecode.swift; path = "ImagesListViewController .swift"; sourceTree = "<group>"; };
		58CC2D9329CC92F500E58095 /* ImagesListCell.swift */ = {isa = PBXFileReference; fileEncoding = 4; lastKnownFileType = sourcecode.swift; path = ImagesListCell.swift; sourceTree = "<group>"; };
		58CC2D9529CC92F500E58095 /* SplashViewController.swift */ = {isa = PBXFileReference; fileEncoding = 4; lastKnownFileType = sourcecode.swift; path = SplashViewController.swift; sourceTree = "<group>"; };
		58CC2D9629CC92F500E58095 /* SplashViewControllerScreen.swift */ = {isa = PBXFileReference; fileEncoding = 4; lastKnownFileType = sourcecode.swift; path = SplashViewControllerScreen.swift; sourceTree = "<group>"; };
		58CC2D9829CC92F500E58095 /* SingleImageViewController.swift */ = {isa = PBXFileReference; fileEncoding = 4; lastKnownFileType = sourcecode.swift; path = SingleImageViewController.swift; sourceTree = "<group>"; };
		58CC2D9A29CC92F500E58095 /* ProfileScreenView.swift */ = {isa = PBXFileReference; fileEncoding = 4; lastKnownFileType = sourcecode.swift; path = ProfileScreenView.swift; sourceTree = "<group>"; };
		58CC2D9B29CC92F500E58095 /* ProfileViewController.swift */ = {isa = PBXFileReference; fileEncoding = 4; lastKnownFileType = sourcecode.swift; path = ProfileViewController.swift; sourceTree = "<group>"; };
		58CC2D9C29CC92F500E58095 /* TabBarViewController.swift */ = {isa = PBXFileReference; fileEncoding = 4; lastKnownFileType = sourcecode.swift; path = TabBarViewController.swift; sourceTree = "<group>"; };
		58CC2D9E29CC92F500E58095 /* AuthViewController.swift */ = {isa = PBXFileReference; fileEncoding = 4; lastKnownFileType = sourcecode.swift; path = AuthViewController.swift; sourceTree = "<group>"; };
		58CC2D9F29CC92F500E58095 /* WebViewViewController.swift */ = {isa = PBXFileReference; fileEncoding = 4; lastKnownFileType = sourcecode.swift; path = WebViewViewController.swift; sourceTree = "<group>"; };
		58CC2DAB29CC931400E58095 /* Profile.swift */ = {isa = PBXFileReference; fileEncoding = 4; lastKnownFileType = sourcecode.swift; path = Profile.swift; sourceTree = "<group>"; };
		58CC2DAC29CC931400E58095 /* ProfileResult.swift */ = {isa = PBXFileReference; fileEncoding = 4; lastKnownFileType = sourcecode.swift; path = ProfileResult.swift; sourceTree = "<group>"; };
		58CC2DAE29CC931400E58095 /* UserResult.swift */ = {isa = PBXFileReference; fileEncoding = 4; lastKnownFileType = sourcecode.swift; path = UserResult.swift; sourceTree = "<group>"; };
		58CC2DB029CC931400E58095 /* OAuthTokenResponseBody.swift */ = {isa = PBXFileReference; fileEncoding = 4; lastKnownFileType = sourcecode.swift; path = OAuthTokenResponseBody.swift; sourceTree = "<group>"; };
		58CC2DBE29CC93D800E58095 /* UIBlockingProgressHUD.swift */ = {isa = PBXFileReference; fileEncoding = 4; lastKnownFileType = sourcecode.swift; path = UIBlockingProgressHUD.swift; sourceTree = "<group>"; };
/* End PBXFileReference section */

/* Begin PBXFrameworksBuildPhase section */
		584AEA3E2972A76600E424A7 /* Frameworks */ = {
			isa = PBXFrameworksBuildPhase;
			buildActionMask = 2147483647;
			files = (
				58CC2DBD29CC93B100E58095 /* ProgressHUD in Frameworks */,
				58CC2DBA29CC939C00E58095 /* Kingfisher in Frameworks */,
				58CC2DB729CC939000E58095 /* SwiftKeychainWrapper in Frameworks */,
			);
			runOnlyForDeploymentPostprocessing = 0;
		};
/* End PBXFrameworksBuildPhase section */

/* Begin PBXGroup section */
		5810D75C29A4DF1800B44E79 /* Application */ = {
			isa = PBXGroup;
			children = (
				584AEA442972A76600E424A7 /* AppDelegate.swift */,
				584AEA462972A76600E424A7 /* SceneDelegate.swift */,
			);
			path = Application;
			sourceTree = "<group>";
		};
		5810D75F29A4FDC700B44E79 /* Resources */ = {
			isa = PBXGroup;
			children = (
				5810D76829A69DC800B44E79 /* Constants.swift */,
				584AEA4D2972A76800E424A7 /* Assets.xcassets */,
				584AEA522972A76800E424A7 /* Info.plist */,
			);
			path = Resources;
			sourceTree = "<group>";
		};
		5810D76329A67E9000B44E79 /* Helpers */ = {
			isa = PBXGroup;
			children = (
				58CC2DBE29CC93D800E58095 /* UIBlockingProgressHUD.swift */,
				5810D76429A67EAD00B44E79 /* UIColor+Extentions.swift */,
				5833AEE929AE946E00BF5560 /* URLSession+Extension.swift */,
				5833AEEB29AE947C00BF5560 /* URLRequest+extension.swift */,
			);
			path = Helpers;
			sourceTree = "<group>";
		};
		584AEA382972A76600E424A7 = {
			isa = PBXGroup;
			children = (
				584AEA432972A76600E424A7 /* Image Feed */,
				584AEA422972A76600E424A7 /* Products */,
			);
			sourceTree = "<group>";
		};
		584AEA422972A76600E424A7 /* Products */ = {
			isa = PBXGroup;
			children = (
				584AEA412972A76600E424A7 /* Image Feed.app */,
			);
			name = Products;
			sourceTree = "<group>";
		};
		584AEA432972A76600E424A7 /* Image Feed */ = {
			isa = PBXGroup;
			children = (
				58CC2D7829CC922900E58095 /* Presentation */,
				58CC2D7A29CC926200E58095 /* Services */,
				58CC2D7929CC923600E58095 /* Models */,
				5810D75C29A4DF1800B44E79 /* Application */,
				5810D76329A67E9000B44E79 /* Helpers */,
				5810D75F29A4FDC700B44E79 /* Resources */,
				584AEA4A2972A76600E424A7 /* Main.storyboard */,
				584AEA4F2972A76800E424A7 /* LaunchScreen.storyboard */,
			);
			path = "Image Feed";
			sourceTree = "<group>";
		};
		58CC2D7829CC922900E58095 /* Presentation */ = {
			isa = PBXGroup;
			children = (
				58CC2D9D29CC92F500E58095 /* Auth */,
				58CC2D9129CC92F500E58095 /* ImagesList */,
				58CC2D9929CC92F500E58095 /* ProfileViewController */,
				58CC2D9729CC92F500E58095 /* SingleImage */,
				58CC2D9429CC92F500E58095 /* SplashViewController */,
				58CC2D9C29CC92F500E58095 /* TabBarViewController.swift */,
			);
			path = Presentation;
			sourceTree = "<group>";
		};
		58CC2D7929CC923600E58095 /* Models */ = {
			isa = PBXGroup;
			children = (
				58CC2DAF29CC931400E58095 /* OAuthToken */,
				58CC2DAA29CC931400E58095 /* Profile */,
				58CC2DAD29CC931400E58095 /* User */,
			);
			path = Models;
			sourceTree = "<group>";
		};
		58CC2D7A29CC926200E58095 /* Services */ = {
			isa = PBXGroup;
			children = (
				58CC2D8329CC92E000E58095 /* AlertPresenter */,
				58CC2D8529CC92E000E58095 /* OAuth */,
				58CC2D8A29CC92E000E58095 /* ProfileImageService */,
				58CC2D8829CC92E000E58095 /* ProfileService */,
			);
			path = Services;
			sourceTree = "<group>";
		};
		58CC2D8329CC92E000E58095 /* AlertPresenter */ = {
			isa = PBXGroup;
			children = (
				58CC2D8429CC92E000E58095 /* ErrorAlertPresenter.swift */,
			);
			path = AlertPresenter;
			sourceTree = "<group>";
		};
		58CC2D8529CC92E000E58095 /* OAuth */ = {
			isa = PBXGroup;
			children = (
				58CC2D8629CC92E000E58095 /* OAuthTokenStorage.swift */,
				58CC2D8729CC92E000E58095 /* OAuth2Service.swift */,
			);
			path = OAuth;
			sourceTree = "<group>";
		};
		58CC2D8829CC92E000E58095 /* ProfileService */ = {
			isa = PBXGroup;
			children = (
				58CC2D8929CC92E000E58095 /* ProfileService.swift */,
			);
			path = ProfileService;
			sourceTree = "<group>";
		};
		58CC2D8A29CC92E000E58095 /* ProfileImageService */ = {
			isa = PBXGroup;
			children = (
				58CC2D8B29CC92E000E58095 /* ProfileImageService.swift */,
			);
			path = ProfileImageService;
			sourceTree = "<group>";
		};
		58CC2D9129CC92F500E58095 /* ImagesList */ = {
			isa = PBXGroup;
			children = (
				58CC2D9229CC92F500E58095 /* ImagesListViewController .swift */,
				58CC2D9329CC92F500E58095 /* ImagesListCell.swift */,
			);
			path = ImagesList;
			sourceTree = "<group>";
		};
		58CC2D9429CC92F500E58095 /* SplashViewController */ = {
			isa = PBXGroup;
			children = (
				58CC2D9529CC92F500E58095 /* SplashViewController.swift */,
				58CC2D9629CC92F500E58095 /* SplashViewControllerScreen.swift */,
			);
			path = SplashViewController;
			sourceTree = "<group>";
		};
		58CC2D9729CC92F500E58095 /* SingleImage */ = {
			isa = PBXGroup;
			children = (
				58CC2D9829CC92F500E58095 /* SingleImageViewController.swift */,
			);
			path = SingleImage;
			sourceTree = "<group>";
		};
		58CC2D9929CC92F500E58095 /* ProfileViewController */ = {
			isa = PBXGroup;
			children = (
				58CC2D9A29CC92F500E58095 /* ProfileScreenView.swift */,
				58CC2D9B29CC92F500E58095 /* ProfileViewController.swift */,
			);
			path = ProfileViewController;
			sourceTree = "<group>";
		};
		58CC2D9D29CC92F500E58095 /* Auth */ = {
			isa = PBXGroup;
			children = (
				58CC2D9E29CC92F500E58095 /* AuthViewController.swift */,
				58CC2D9F29CC92F500E58095 /* WebViewViewController.swift */,
			);
			path = Auth;
			sourceTree = "<group>";
		};
		58CC2DAA29CC931400E58095 /* Profile */ = {
			isa = PBXGroup;
			children = (
				58CC2DAB29CC931400E58095 /* Profile.swift */,
				58CC2DAC29CC931400E58095 /* ProfileResult.swift */,
			);
			path = Profile;
			sourceTree = "<group>";
		};
		58CC2DAD29CC931400E58095 /* User */ = {
			isa = PBXGroup;
			children = (
				58CC2DAE29CC931400E58095 /* UserResult.swift */,
			);
			path = User;
			sourceTree = "<group>";
		};
		58CC2DAF29CC931400E58095 /* OAuthToken */ = {
			isa = PBXGroup;
			children = (
				58CC2DB029CC931400E58095 /* OAuthTokenResponseBody.swift */,
			);
			path = OAuthToken;
			sourceTree = "<group>";
		};
/* End PBXGroup section */

/* Begin PBXNativeTarget section */
		584AEA402972A76600E424A7 /* Image Feed */ = {
			isa = PBXNativeTarget;
			buildConfigurationList = 584AEA552972A76800E424A7 /* Build configuration list for PBXNativeTarget "Image Feed" */;
			buildPhases = (
				584AEA3D2972A76600E424A7 /* Sources */,
				584AEA3E2972A76600E424A7 /* Frameworks */,
				584AEA3F2972A76600E424A7 /* Resources */,
			);
			buildRules = (
			);
			dependencies = (
			);
			name = "Image Feed";
			packageProductDependencies = (
				58CC2DB629CC939000E58095 /* SwiftKeychainWrapper */,
				58CC2DB929CC939C00E58095 /* Kingfisher */,
				58CC2DBC29CC93B100E58095 /* ProgressHUD */,
			);
			productName = "Image Feed";
			productReference = 584AEA412972A76600E424A7 /* Image Feed.app */;
			productType = "com.apple.product-type.application";
		};
/* End PBXNativeTarget section */

/* Begin PBXProject section */
		584AEA392972A76600E424A7 /* Project object */ = {
			isa = PBXProject;
			attributes = {
				BuildIndependentTargetsInParallel = 1;
				LastSwiftUpdateCheck = 1420;
				LastUpgradeCheck = 1420;
				TargetAttributes = {
					584AEA402972A76600E424A7 = {
						CreatedOnToolsVersion = 14.2;
					};
				};
			};
			buildConfigurationList = 584AEA3C2972A76600E424A7 /* Build configuration list for PBXProject "Image Feed" */;
			compatibilityVersion = "Xcode 14.0";
			developmentRegion = en;
			hasScannedForEncodings = 0;
			knownRegions = (
				en,
				Base,
			);
			mainGroup = 584AEA382972A76600E424A7;
			packageReferences = (
				58CC2DB529CC939000E58095 /* XCRemoteSwiftPackageReference "SwiftKeychainWrapper" */,
				58CC2DB829CC939C00E58095 /* XCRemoteSwiftPackageReference "Kingfisher" */,
				58CC2DBB29CC93B100E58095 /* XCRemoteSwiftPackageReference "ProgressHUD" */,
			);
			productRefGroup = 584AEA422972A76600E424A7 /* Products */;
			projectDirPath = "";
			projectRoot = "";
			targets = (
				584AEA402972A76600E424A7 /* Image Feed */,
			);
		};
/* End PBXProject section */

/* Begin PBXResourcesBuildPhase section */
		584AEA3F2972A76600E424A7 /* Resources */ = {
			isa = PBXResourcesBuildPhase;
			buildActionMask = 2147483647;
			files = (
				584AEA512972A76800E424A7 /* LaunchScreen.storyboard in Resources */,
				5810D76029A4FDE400B44E79 /* Assets.xcassets in Resources */,
				584AEA4C2972A76600E424A7 /* Main.storyboard in Resources */,
			);
			runOnlyForDeploymentPostprocessing = 0;
		};
/* End PBXResourcesBuildPhase section */

/* Begin PBXSourcesBuildPhase section */
		584AEA3D2972A76600E424A7 /* Sources */ = {
			isa = PBXSourcesBuildPhase;
			buildActionMask = 2147483647;
			files = (
				58CC2DA329CC92F500E58095 /* SplashViewControllerScreen.swift in Sources */,
				58CC2DA429CC92F500E58095 /* SingleImageViewController.swift in Sources */,
				58CC2D8D29CC92E000E58095 /* OAuthTokenStorage.swift in Sources */,
				58CC2D8F29CC92E000E58095 /* ProfileService.swift in Sources */,
				584AEA452972A76600E424A7 /* AppDelegate.swift in Sources */,
				58CC2D8E29CC92E000E58095 /* OAuth2Service.swift in Sources */,
				5833AEEC29AE947C00BF5560 /* URLRequest+extension.swift in Sources */,
				58CC2DB329CC931400E58095 /* UserResult.swift in Sources */,
				58CC2D8C29CC92E000E58095 /* ErrorAlertPresenter.swift in Sources */,
				5810D76529A67EAD00B44E79 /* UIColor+Extentions.swift in Sources */,
				58CC2DA229CC92F500E58095 /* SplashViewController.swift in Sources */,
				58CC2DA729CC92F500E58095 /* TabBarViewController.swift in Sources */,
				58CC2DA629CC92F500E58095 /* ProfileViewController.swift in Sources */,
				58CC2D9029CC92E000E58095 /* ProfileImageService.swift in Sources */,
				58CC2DB229CC931400E58095 /* ProfileResult.swift in Sources */,
				58CC2DB429CC931400E58095 /* OAuthTokenResponseBody.swift in Sources */,
				58CC2DA829CC92F500E58095 /* AuthViewController.swift in Sources */,
				5833AEEA29AE946E00BF5560 /* URLSession+Extension.swift in Sources */,
				58CC2DB129CC931400E58095 /* Profile.swift in Sources */,
				58CC2DBF29CC93D800E58095 /* UIBlockingProgressHUD.swift in Sources */,
				58CC2DA029CC92F500E58095 /* ImagesListViewController .swift in Sources */,
				58CC2DA129CC92F500E58095 /* ImagesListCell.swift in Sources */,
				58CC2DA929CC92F500E58095 /* WebViewViewController.swift in Sources */,
				584AEA472972A76600E424A7 /* SceneDelegate.swift in Sources */,
				58CC2DA529CC92F500E58095 /* ProfileScreenView.swift in Sources */,
				5810D76929A69DC800B44E79 /* Constants.swift in Sources */,
			);
			runOnlyForDeploymentPostprocessing = 0;
		};
/* End PBXSourcesBuildPhase section */

/* Begin PBXVariantGroup section */
		584AEA4A2972A76600E424A7 /* Main.storyboard */ = {
			isa = PBXVariantGroup;
			children = (
				584AEA4B2972A76600E424A7 /* Base */,
			);
			name = Main.storyboard;
			sourceTree = "<group>";
		};
		584AEA4F2972A76800E424A7 /* LaunchScreen.storyboard */ = {
			isa = PBXVariantGroup;
			children = (
				584AEA502972A76800E424A7 /* Base */,
			);
			name = LaunchScreen.storyboard;
			sourceTree = "<group>";
		};
/* End PBXVariantGroup section */

/* Begin XCBuildConfiguration section */
		584AEA532972A76800E424A7 /* Debug */ = {
			isa = XCBuildConfiguration;
			buildSettings = {
				ALWAYS_SEARCH_USER_PATHS = NO;
				CLANG_ANALYZER_NONNULL = YES;
				CLANG_ANALYZER_NUMBER_OBJECT_CONVERSION = YES_AGGRESSIVE;
				CLANG_CXX_LANGUAGE_STANDARD = "gnu++20";
				CLANG_ENABLE_MODULES = YES;
				CLANG_ENABLE_OBJC_ARC = YES;
				CLANG_ENABLE_OBJC_WEAK = YES;
				CLANG_WARN_BLOCK_CAPTURE_AUTORELEASING = YES;
				CLANG_WARN_BOOL_CONVERSION = YES;
				CLANG_WARN_COMMA = YES;
				CLANG_WARN_CONSTANT_CONVERSION = YES;
				CLANG_WARN_DEPRECATED_OBJC_IMPLEMENTATIONS = YES;
				CLANG_WARN_DIRECT_OBJC_ISA_USAGE = YES_ERROR;
				CLANG_WARN_DOCUMENTATION_COMMENTS = YES;
				CLANG_WARN_EMPTY_BODY = YES;
				CLANG_WARN_ENUM_CONVERSION = YES;
				CLANG_WARN_INFINITE_RECURSION = YES;
				CLANG_WARN_INT_CONVERSION = YES;
				CLANG_WARN_NON_LITERAL_NULL_CONVERSION = YES;
				CLANG_WARN_OBJC_IMPLICIT_RETAIN_SELF = YES;
				CLANG_WARN_OBJC_LITERAL_CONVERSION = YES;
				CLANG_WARN_OBJC_ROOT_CLASS = YES_ERROR;
				CLANG_WARN_QUOTED_INCLUDE_IN_FRAMEWORK_HEADER = YES;
				CLANG_WARN_RANGE_LOOP_ANALYSIS = YES;
				CLANG_WARN_STRICT_PROTOTYPES = YES;
				CLANG_WARN_SUSPICIOUS_MOVE = YES;
				CLANG_WARN_UNGUARDED_AVAILABILITY = YES_AGGRESSIVE;
				CLANG_WARN_UNREACHABLE_CODE = YES;
				CLANG_WARN__DUPLICATE_METHOD_MATCH = YES;
				COPY_PHASE_STRIP = NO;
				DEBUG_INFORMATION_FORMAT = dwarf;
				ENABLE_STRICT_OBJC_MSGSEND = YES;
				ENABLE_TESTABILITY = YES;
				GCC_C_LANGUAGE_STANDARD = gnu11;
				GCC_DYNAMIC_NO_PIC = NO;
				GCC_NO_COMMON_BLOCKS = YES;
				GCC_OPTIMIZATION_LEVEL = 0;
				GCC_PREPROCESSOR_DEFINITIONS = (
					"DEBUG=1",
					"$(inherited)",
				);
				GCC_WARN_64_TO_32_BIT_CONVERSION = YES;
				GCC_WARN_ABOUT_RETURN_TYPE = YES_ERROR;
				GCC_WARN_UNDECLARED_SELECTOR = YES;
				GCC_WARN_UNINITIALIZED_AUTOS = YES_AGGRESSIVE;
				GCC_WARN_UNUSED_FUNCTION = YES;
				GCC_WARN_UNUSED_VARIABLE = YES;
				IPHONEOS_DEPLOYMENT_TARGET = 13.0;
				MTL_ENABLE_DEBUG_INFO = INCLUDE_SOURCE;
				MTL_FAST_MATH = YES;
				ONLY_ACTIVE_ARCH = YES;
				SDKROOT = iphoneos;
				SWIFT_ACTIVE_COMPILATION_CONDITIONS = DEBUG;
				SWIFT_OPTIMIZATION_LEVEL = "-Onone";
			};
			name = Debug;
		};
		584AEA542972A76800E424A7 /* Release */ = {
			isa = XCBuildConfiguration;
			buildSettings = {
				ALWAYS_SEARCH_USER_PATHS = NO;
				CLANG_ANALYZER_NONNULL = YES;
				CLANG_ANALYZER_NUMBER_OBJECT_CONVERSION = YES_AGGRESSIVE;
				CLANG_CXX_LANGUAGE_STANDARD = "gnu++20";
				CLANG_ENABLE_MODULES = YES;
				CLANG_ENABLE_OBJC_ARC = YES;
				CLANG_ENABLE_OBJC_WEAK = YES;
				CLANG_WARN_BLOCK_CAPTURE_AUTORELEASING = YES;
				CLANG_WARN_BOOL_CONVERSION = YES;
				CLANG_WARN_COMMA = YES;
				CLANG_WARN_CONSTANT_CONVERSION = YES;
				CLANG_WARN_DEPRECATED_OBJC_IMPLEMENTATIONS = YES;
				CLANG_WARN_DIRECT_OBJC_ISA_USAGE = YES_ERROR;
				CLANG_WARN_DOCUMENTATION_COMMENTS = YES;
				CLANG_WARN_EMPTY_BODY = YES;
				CLANG_WARN_ENUM_CONVERSION = YES;
				CLANG_WARN_INFINITE_RECURSION = YES;
				CLANG_WARN_INT_CONVERSION = YES;
				CLANG_WARN_NON_LITERAL_NULL_CONVERSION = YES;
				CLANG_WARN_OBJC_IMPLICIT_RETAIN_SELF = YES;
				CLANG_WARN_OBJC_LITERAL_CONVERSION = YES;
				CLANG_WARN_OBJC_ROOT_CLASS = YES_ERROR;
				CLANG_WARN_QUOTED_INCLUDE_IN_FRAMEWORK_HEADER = YES;
				CLANG_WARN_RANGE_LOOP_ANALYSIS = YES;
				CLANG_WARN_STRICT_PROTOTYPES = YES;
				CLANG_WARN_SUSPICIOUS_MOVE = YES;
				CLANG_WARN_UNGUARDED_AVAILABILITY = YES_AGGRESSIVE;
				CLANG_WARN_UNREACHABLE_CODE = YES;
				CLANG_WARN__DUPLICATE_METHOD_MATCH = YES;
				COPY_PHASE_STRIP = NO;
				DEBUG_INFORMATION_FORMAT = "dwarf-with-dsym";
				ENABLE_NS_ASSERTIONS = NO;
				ENABLE_STRICT_OBJC_MSGSEND = YES;
				GCC_C_LANGUAGE_STANDARD = gnu11;
				GCC_NO_COMMON_BLOCKS = YES;
				GCC_WARN_64_TO_32_BIT_CONVERSION = YES;
				GCC_WARN_ABOUT_RETURN_TYPE = YES_ERROR;
				GCC_WARN_UNDECLARED_SELECTOR = YES;
				GCC_WARN_UNINITIALIZED_AUTOS = YES_AGGRESSIVE;
				GCC_WARN_UNUSED_FUNCTION = YES;
				GCC_WARN_UNUSED_VARIABLE = YES;
				IPHONEOS_DEPLOYMENT_TARGET = 13.0;
				MTL_ENABLE_DEBUG_INFO = NO;
				MTL_FAST_MATH = YES;
				SDKROOT = iphoneos;
				SWIFT_COMPILATION_MODE = wholemodule;
				SWIFT_OPTIMIZATION_LEVEL = "-O";
				VALIDATE_PRODUCT = YES;
			};
			name = Release;
		};
		584AEA562972A76800E424A7 /* Debug */ = {
			isa = XCBuildConfiguration;
			buildSettings = {
				ASSETCATALOG_COMPILER_GLOBAL_ACCENT_COLOR_NAME = AccentColor;
				CODE_SIGN_STYLE = Automatic;
				CURRENT_PROJECT_VERSION = 1;
				GENERATE_INFOPLIST_FILE = YES;
				INFOPLIST_FILE = "Image Feed/Resources/Info.plist";
				INFOPLIST_KEY_UIApplicationSupportsIndirectInputEvents = YES;
				INFOPLIST_KEY_UILaunchStoryboardName = LaunchScreen;
				INFOPLIST_KEY_UIMainStoryboardFile = Main;
				INFOPLIST_KEY_UISupportedInterfaceOrientations = UIInterfaceOrientationPortrait;
				INFOPLIST_KEY_UISupportedInterfaceOrientations_iPad = "UIInterfaceOrientationLandscapeLeft UIInterfaceOrientationLandscapeRight UIInterfaceOrientationPortrait UIInterfaceOrientationPortraitUpsideDown";
				IPHONEOS_DEPLOYMENT_TARGET = 13.0;
				LD_RUNPATH_SEARCH_PATHS = (
					"$(inherited)",
					"@executable_path/Frameworks",
				);
				MARKETING_VERSION = 1.0;
				PRODUCT_BUNDLE_IDENTIFIER = "ru.ryan.development.Image-Feed";
				PRODUCT_NAME = "$(TARGET_NAME)";
				SUPPORTED_PLATFORMS = "iphoneos iphonesimulator";
				SUPPORTS_MACCATALYST = NO;
				SUPPORTS_MAC_DESIGNED_FOR_IPHONE_IPAD = YES;
				SWIFT_EMIT_LOC_STRINGS = YES;
				SWIFT_VERSION = 5.0;
				TARGETED_DEVICE_FAMILY = 1;
			};
			name = Debug;
		};
		584AEA572972A76800E424A7 /* Release */ = {
			isa = XCBuildConfiguration;
			buildSettings = {
				ASSETCATALOG_COMPILER_GLOBAL_ACCENT_COLOR_NAME = AccentColor;
				CODE_SIGN_STYLE = Automatic;
				CURRENT_PROJECT_VERSION = 1;
				GENERATE_INFOPLIST_FILE = YES;
				INFOPLIST_FILE = "Image Feed/Resources/Info.plist";
				INFOPLIST_KEY_UIApplicationSupportsIndirectInputEvents = YES;
				INFOPLIST_KEY_UILaunchStoryboardName = LaunchScreen;
				INFOPLIST_KEY_UIMainStoryboardFile = Main;
				INFOPLIST_KEY_UISupportedInterfaceOrientations = UIInterfaceOrientationPortrait;
				INFOPLIST_KEY_UISupportedInterfaceOrientations_iPad = "UIInterfaceOrientationLandscapeLeft UIInterfaceOrientationLandscapeRight UIInterfaceOrientationPortrait UIInterfaceOrientationPortraitUpsideDown";
				IPHONEOS_DEPLOYMENT_TARGET = 13.0;
				LD_RUNPATH_SEARCH_PATHS = (
					"$(inherited)",
					"@executable_path/Frameworks",
				);
				MARKETING_VERSION = 1.0;
				PRODUCT_BUNDLE_IDENTIFIER = "ru.ryan.development.Image-Feed";
				PRODUCT_NAME = "$(TARGET_NAME)";
				SUPPORTED_PLATFORMS = "iphoneos iphonesimulator";
				SUPPORTS_MACCATALYST = NO;
				SUPPORTS_MAC_DESIGNED_FOR_IPHONE_IPAD = YES;
				SWIFT_EMIT_LOC_STRINGS = YES;
				SWIFT_VERSION = 5.0;
				TARGETED_DEVICE_FAMILY = 1;
			};
			name = Release;
		};
/* End XCBuildConfiguration section */

/* Begin XCConfigurationList section */
		584AEA3C2972A76600E424A7 /* Build configuration list for PBXProject "Image Feed" */ = {
			isa = XCConfigurationList;
			buildConfigurations = (
				584AEA532972A76800E424A7 /* Debug */,
				584AEA542972A76800E424A7 /* Release */,
			);
			defaultConfigurationIsVisible = 0;
			defaultConfigurationName = Release;
		};
		584AEA552972A76800E424A7 /* Build configuration list for PBXNativeTarget "Image Feed" */ = {
			isa = XCConfigurationList;
			buildConfigurations = (
				584AEA562972A76800E424A7 /* Debug */,
				584AEA572972A76800E424A7 /* Release */,
			);
			defaultConfigurationIsVisible = 0;
			defaultConfigurationName = Release;
		};
/* End XCConfigurationList section */

/* Begin XCRemoteSwiftPackageReference section */
		58CC2DB529CC939000E58095 /* XCRemoteSwiftPackageReference "SwiftKeychainWrapper" */ = {
			isa = XCRemoteSwiftPackageReference;
			repositoryURL = "https://github.com/jrendel/SwiftKeychainWrapper";
			requirement = {
				branch = develop;
				kind = branch;
			};
		};
		58CC2DB829CC939C00E58095 /* XCRemoteSwiftPackageReference "Kingfisher" */ = {
			isa = XCRemoteSwiftPackageReference;
			repositoryURL = "https://github.com/onevcat/Kingfisher";
			requirement = {
				branch = master;
				kind = branch;
			};
		};
		58CC2DBB29CC93B100E58095 /* XCRemoteSwiftPackageReference "ProgressHUD" */ = {
			isa = XCRemoteSwiftPackageReference;
			repositoryURL = "https://github.com/relatedcode/ProgressHUD";
			requirement = {
				branch = master;
				kind = branch;
			};
		};
/* End XCRemoteSwiftPackageReference section */

/* Begin XCSwiftPackageProductDependency section */
		58CC2DB629CC939000E58095 /* SwiftKeychainWrapper */ = {
			isa = XCSwiftPackageProductDependency;
			package = 58CC2DB529CC939000E58095 /* XCRemoteSwiftPackageReference "SwiftKeychainWrapper" */;
			productName = SwiftKeychainWrapper;
		};
		58CC2DB929CC939C00E58095 /* Kingfisher */ = {
			isa = XCSwiftPackageProductDependency;
			package = 58CC2DB829CC939C00E58095 /* XCRemoteSwiftPackageReference "Kingfisher" */;
			productName = Kingfisher;
		};
		58CC2DBC29CC93B100E58095 /* ProgressHUD */ = {
			isa = XCSwiftPackageProductDependency;
			package = 58CC2DBB29CC93B100E58095 /* XCRemoteSwiftPackageReference "ProgressHUD" */;
			productName = ProgressHUD;
		};
/* End XCSwiftPackageProductDependency section */
	};
	rootObject = 584AEA392972A76600E424A7 /* Project object */;
}
